
Microsoft Visual Studio Solution File, Format Version 12.00
# Visual Studio Version 17
VisualStudioVersion = 17.0.31903.59
MinimumVisualStudioVersion = 10.0.40219.1
Project("{2150E333-8FDC-42A3-9474-1A3956D46DE8}") = "src", "src", "{827E0CD3-B72D-47B6-A68D-7590B98EB39B}"
EndProject
Project("{FAE04EC0-301F-11D3-BF4B-00C04F79EFBC}") = "OmpGui.Rpc", "src\OmpGui.Rpc\OmpGui.Rpc.csproj", "{92C167D4-638A-4DB4-AF63-5CD19BC8F739}"
EndProject
Project("{FAE04EC0-301F-11D3-BF4B-00C04F79EFBC}") = "OmpGui.ClientCore", "src\OmpGui.ClientCore\OmpGui.ClientCore.csproj", "{565972E8-9256-47E7-89F5-C8E7AF2037B1}"
EndProject
Project("{FAE04EC0-301F-11D3-BF4B-00C04F79EFBC}") = "OmpGui.App", "src\OmpGui.App\OmpGui.App.csproj", "{A6A6D378-6B73-457F-91D4-2D3599702161}"
EndProject
Project("{2150E333-8FDC-42A3-9474-1A3956D46DE8}") = "tests", "tests", "{0AB3BF05-4346-4AA6-1389-037BE0695223}"
EndProject
Project("{FAE04EC0-301F-11D3-BF4B-00C04F79EFBC}") = "OmpGui.Tests", "tests\OmpGui.Tests\OmpGui.Tests.csproj", "{03D38782-579A-48C0-811E-016FDC205625}"
EndProject
Project("{FAE04EC0-301F-11D3-BF4B-00C04F79EFBC}") = "OmpGui.FakeOmp", "tests\OmpGui.FakeOmp\OmpGui.FakeOmp.csproj", "{3FD1DD3A-4BB4-4AF0-A4C2-210FFC438042}"
EndProject
Global
	GlobalSection(SolutionConfigurationPlatforms) = preSolution
		Debug|Any CPU = Debug|Any CPU
		Debug|x64 = Debug|x64
		Debug|x86 = Debug|x86
		Release|Any CPU = Release|Any CPU
		Release|x64 = Release|x64
		Release|x86 = Release|x86
	EndGlobalSection
	GlobalSection(ProjectConfigurationPlatforms) = postSolution
		{92C167D4-638A-4DB4-AF63-5CD19BC8F739}.Debug|Any CPU.ActiveCfg = Debug|Any CPU
		{92C167D4-638A-4DB4-AF63-5CD19BC8F739}.Debug|Any CPU.Build.0 = Debug|Any CPU
		{92C167D4-638A-4DB4-AF63-5CD19BC8F739}.Debug|x64.ActiveCfg = Debug|Any CPU
		{92C167D4-638A-4DB4-AF63-5CD19BC8F739}.Debug|x64.Build.0 = Debug|Any CPU
		{92C167D4-638A-4DB4-AF63-5CD19BC8F739}.Debug|x86.ActiveCfg = Debug|Any CPU
		{92C167D4-638A-4DB4-AF63-5CD19BC8F739}.Debug|x86.Build.0 = Debug|Any CPU
		{92C167D4-638A-4DB4-AF63-5CD19BC8F739}.Release|Any CPU.ActiveCfg = Release|Any CPU
		{92C167D4-638A-4DB4-AF63-5CD19BC8F739}.Release|Any CPU.Build.0 = Release|Any CPU
		{92C167D4-638A-4DB4-AF63-5CD19BC8F739}.Release|x64.ActiveCfg = Release|Any CPU
		{92C167D4-638A-4DB4-AF63-5CD19BC8F739}.Release|x64.Build.0 = Release|Any CPU
		{92C167D4-638A-4DB4-AF63-5CD19BC8F739}.Release|x86.ActiveCfg = Release|Any CPU
		{92C167D4-638A-4DB4-AF63-5CD19BC8F739}.Release|x86.Build.0 = Release|Any CPU
		{565972E8-9256-47E7-89F5-C8E7AF2037B1}.Debug|Any CPU.ActiveCfg = Debug|Any CPU
		{565972E8-9256-47E7-89F5-C8E7AF2037B1}.Debug|Any CPU.Build.0 = Debug|Any CPU
		{565972E8-9256-47E7-89F5-C8E7AF2037B1}.Debug|x64.ActiveCfg = Debug|Any CPU
		{565972E8-9256-47E7-89F5-C8E7AF2037B1}.Debug|x64.Build.0 = Debug|Any CPU
		{565972E8-9256-47E7-89F5-C8E7AF2037B1}.Debug|x86.ActiveCfg = Debug|Any CPU
		{565972E8-9256-47E7-89F5-C8E7AF2037B1}.Debug|x86.Build.0 = Debug|Any CPU
		{565972E8-9256-47E7-89F5-C8E7AF2037B1}.Release|Any CPU.ActiveCfg = Release|Any CPU
		{565972E8-9256-47E7-89F5-C8E7AF2037B1}.Release|Any CPU.Build.0 = Release|Any CPU
		{565972E8-9256-47E7-89F5-C8E7AF2037B1}.Release|x64.ActiveCfg = Release|Any CPU
		{565972E8-9256-47E7-89F5-C8E7AF2037B1}.Release|x64.Build.0 = Release|Any CPU
		{565972E8-9256-47E7-89F5-C8E7AF2037B1}.Release|x86.ActiveCfg = Release|Any CPU
		{565972E8-9256-47E7-89F5-C8E7AF2037B1}.Release|x86.Build.0 = Release|Any CPU
		{A6A6D378-6B73-457F-91D4-2D3599702161}.Debug|Any CPU.ActiveCfg = Debug|Any CPU
		{A6A6D378-6B73-457F-91D4-2D3599702161}.Debug|Any CPU.Build.0 = Debug|Any CPU
		{A6A6D378-6B73-457F-91D4-2D3599702161}.Debug|x64.ActiveCfg = Debug|Any CPU
		{A6A6D378-6B73-457F-91D4-2D3599702161}.Debug|x64.Build.0 = Debug|Any CPU
		{A6A6D378-6B73-457F-91D4-2D3599702161}.Debug|x86.ActiveCfg = Debug|Any CPU
		{A6A6D378-6B73-457F-91D4-2D3599702161}.Debug|x86.Build.0 = Debug|Any CPU
		{A6A6D378-6B73-457F-91D4-2D3599702161}.Release|Any CPU.ActiveCfg = Release|Any CPU
		{A6A6D378-6B73-457F-91D4-2D3599702161}.Release|Any CPU.Build.0 = Release|Any CPU
		{A6A6D378-6B73-457F-91D4-2D3599702161}.Release|x64.ActiveCfg = Release|Any CPU
		{A6A6D378-6B73-457F-91D4-2D3599702161}.Release|x64.Build.0 = Release|Any CPU
		{A6A6D378-6B73-457F-91D4-2D3599702161}.Release|x86.ActiveCfg = Release|Any CPU
		{A6A6D378-6B73-457F-91D4-2D3599702161}.Release|x86.Build.0 = Release|Any CPU
		{03D38782-579A-48C0-811E-016FDC205625}.Debug|Any CPU.ActiveCfg = Debug|Any CPU
		{03D38782-579A-48C0-811E-016FDC205625}.Debug|Any CPU.Build.0 = Debug|Any CPU
		{03D38782-579A-48C0-811E-016FDC205625}.Debug|x64.ActiveCfg = Debug|Any CPU
		{03D38782-579A-48C0-811E-016FDC205625}.Debug|x64.Build.0 = Debug|Any CPU
		{03D38782-579A-48C0-811E-016FDC205625}.Debug|x86.ActiveCfg = Debug|Any CPU
		{03D38782-579A-48C0-811E-016FDC205625}.Debug|x86.Build.0 = Debug|Any CPU
		{03D38782-579A-48C0-811E-016FDC205625}.Release|Any CPU.ActiveCfg = Release|Any CPU
		{03D38782-579A-48C0-811E-016FDC205625}.Release|Any CPU.Build.0 = Release|Any CPU
		{03D38782-579A-48C0-811E-016FDC205625}.Release|x64.ActiveCfg = Release|Any CPU
		{03D38782-579A-48C0-811E-016FDC205625}.Release|x64.Build.0 = Release|Any CPU
		{03D38782-579A-48C0-811E-016FDC205625}.Release|x86.ActiveCfg = Release|Any CPU
		{03D38782-579A-48C0-811E-016FDC205625}.Release|x86.Build.0 = Release|Any CPU
		{3FD1DD3A-4BB4-4AF0-A4C2-210FFC438042}.Debug|Any CPU.ActiveCfg = Debug|Any CPU
		{3FD1DD3A-4BB4-4AF0-A4C2-210FFC438042}.Debug|Any CPU.Build.0 = Debug|Any CPU
		{3FD1DD3A-4BB4-4AF0-A4C2-210FFC438042}.Debug|x64.ActiveCfg = Debug|Any CPU
		{3FD1DD3A-4BB4-4AF0-A4C2-210FFC438042}.Debug|x64.Build.0 = Debug|Any CPU
		{3FD1DD3A-4BB4-4AF0-A4C2-210FFC438042}.Debug|x86.ActiveCfg = Debug|Any CPU
		{3FD1DD3A-4BB4-4AF0-A4C2-210FFC438042}.Debug|x86.Build.0 = Debug|Any CPU
		{3FD1DD3A-4BB4-4AF0-A4C2-210FFC438042}.Release|Any CPU.ActiveCfg = Release|Any CPU
		{3FD1DD3A-4BB4-4AF0-A4C2-210FFC438042}.Release|Any CPU.Build.0 = Release|Any CPU
		{3FD1DD3A-4BB4-4AF0-A4C2-210FFC438042}.Release|x64.ActiveCfg = Release|Any CPU
		{3FD1DD3A-4BB4-4AF0-A4C2-210FFC438042}.Release|x64.Build.0 = Release|Any CPU
		{3FD1DD3A-4BB4-4AF0-A4C2-210FFC438042}.Release|x86.ActiveCfg = Release|Any CPU
		{3FD1DD3A-4BB4-4AF0-A4C2-210FFC438042}.Release|x86.Build.0 = Release|Any CPU
	EndGlobalSection
	GlobalSection(SolutionProperties) = preSolution
		HideSolutionNode = FALSE
	EndGlobalSection
	GlobalSection(NestedProjects) = preSolution
		{92C167D4-638A-4DB4-AF63-5CD19BC8F739} = {827E0CD3-B72D-47B6-A68D-7590B98EB39B}
		{565972E8-9256-47E7-89F5-C8E7AF2037B1} = {827E0CD3-B72D-47B6-A68D-7590B98EB39B}
		{A6A6D378-6B73-457F-91D4-2D3599702161} = {827E0CD3-B72D-47B6-A68D-7590B98EB39B}
		{03D38782-579A-48C0-811E-016FDC205625} = {0AB3BF05-4346-4AA6-1389-037BE0695223}
		{3FD1DD3A-4BB4-4AF0-A4C2-210FFC438042} = {0AB3BF05-4346-4AA6-1389-037BE0695223}
	EndGlobalSection
EndGlobal
